
Microsoft Visual Studio Solution File, Format Version 12.00
# Visual Studio Version 17
VisualStudioVersion = 17.2.32427.441
MinimumVisualStudioVersion = 10.0.40219.1
Project("{FAE04EC0-301F-11D3-BF4B-00C04F79EFBC}") = "AsposeAvoidElementBreak", "AsposeAvoidElementBreak\AsposeAvoidElementBreak.csproj", "{2C9AF93D-87EF-4FD1-8D36-0509314885EC}"
EndProject
Global
	GlobalSection(SolutionConfigurationPlatforms) = preSolution
		Debug|Any CPU = Debug|Any CPU
		Release|Any CPU = Release|Any CPU
	EndGlobalSection
	GlobalSection(ProjectConfigurationPlatforms) = postSolution
		{2C9AF93D-87EF-4FD1-8D36-0509314885EC}.Debug|Any CPU.ActiveCfg = Debug|Any CPU
		{2C9AF93D-87EF-4FD1-8D36-0509314885EC}.Debug|Any CPU.Build.0 = Debug|Any CPU
		{2C9AF93D-87EF-4FD1-8D36-0509314885EC}.Release|Any CPU.ActiveCfg = Release|Any CPU
		{2C9AF93D-87EF-4FD1-8D36-0509314885EC}.Release|Any CPU.Build.0 = Release|Any CPU
	EndGlobalSection
	GlobalSection(SolutionProperties) = preSolution
		HideSolutionNode = FALSE
	EndGlobalSection
	GlobalSection(ExtensibilityGlobals) = postSolution
		SolutionGuid = {08A61DE7-F5BB-446F-8CD0-7965A30E7D1D}
	EndGlobalSection
EndGlobal
